// !$*UTF8*$!
{
	archiveVersion = 1;
	classes = {
	};
	objectVersion = 55;
	objects = {

/* Begin PBXBuildFile section */
		7F0126E1275D982000544E7F /* ScoreDisplay.swift in Sources */ = {isa = PBXBuildFile; fileRef = 7F0126E0275D982000544E7F /* ScoreDisplay.swift */; };
		7F0AA1982758EC9500F87162 /* ScoreViewModel.swift in Sources */ = {isa = PBXBuildFile; fileRef = 7F0AA1972758EC9500F87162 /* ScoreViewModel.swift */; };
		7F0AA19A2758ECA200F87162 /* PlayViewModel.swift in Sources */ = {isa = PBXBuildFile; fileRef = 7F0AA1992758ECA200F87162 /* PlayViewModel.swift */; };
		7F0AA19C2758ECEE00F87162 /* TitleView.swift in Sources */ = {isa = PBXBuildFile; fileRef = 7F0AA19B2758ECEE00F87162 /* TitleView.swift */; };
		7F0AA19E2758EE2500F87162 /* PlayView.swift in Sources */ = {isa = PBXBuildFile; fileRef = 7F0AA19D2758EE2500F87162 /* PlayView.swift */; };
		7F0AA1A02758EE3400F87162 /* ScoreView.swift in Sources */ = {isa = PBXBuildFile; fileRef = 7F0AA19F2758EE3400F87162 /* ScoreView.swift */; };
		7F0AA1A32758F0EE00F87162 /* BlockColorManager.swift in Sources */ = {isa = PBXBuildFile; fileRef = 7F0AA1A22758F0EE00F87162 /* BlockColorManager.swift */; };
		7F18409C2759B24A00E1BCE9 /* ClearView.swift in Sources */ = {isa = PBXBuildFile; fileRef = 7F18409B2759B24A00E1BCE9 /* ClearView.swift */; };
		7F18409E2759B30E00E1BCE9 /* GameOverView.swift in Sources */ = {isa = PBXBuildFile; fileRef = 7F18409D2759B30E00E1BCE9 /* GameOverView.swift */; };
		7F1840A12759D3E900E1BCE9 /* FrameView.swift in Sources */ = {isa = PBXBuildFile; fileRef = 7F1840A02759D3E900E1BCE9 /* FrameView.swift */; };
		7F1840A32759D40200E1BCE9 /* BlockView.swift in Sources */ = {isa = PBXBuildFile; fileRef = 7F1840A22759D40200E1BCE9 /* BlockView.swift */; };
		7F6C38B127545AFD00FC7B4A /* App2048CombineApp.swift in Sources */ = {isa = PBXBuildFile; fileRef = 7F6C38B027545AFD00FC7B4A /* App2048CombineApp.swift */; };
		7F6C38B327545AFD00FC7B4A /* ContentView.swift in Sources */ = {isa = PBXBuildFile; fileRef = 7F6C38B227545AFD00FC7B4A /* ContentView.swift */; };
		7F6C38B527545B0100FC7B4A /* Assets.xcassets in Resources */ = {isa = PBXBuildFile; fileRef = 7F6C38B427545B0100FC7B4A /* Assets.xcassets */; };
		7F6C38B827545B0100FC7B4A /* Preview Assets.xcassets in Resources */ = {isa = PBXBuildFile; fileRef = 7F6C38B727545B0100FC7B4A /* Preview Assets.xcassets */; };
		7F77F128275A33C400773C45 /* PlayViewBar.swift in Sources */ = {isa = PBXBuildFile; fileRef = 7F77F127275A33C400773C45 /* PlayViewBar.swift */; };
		7F77F12B275A35F600773C45 /* ButtonView.swift in Sources */ = {isa = PBXBuildFile; fileRef = 7F77F12A275A35F600773C45 /* ButtonView.swift */; };
		7F77F12D275B46FD00773C45 /* BarButtonView.swift in Sources */ = {isa = PBXBuildFile; fileRef = 7F77F12C275B46FD00773C45 /* BarButtonView.swift */; };
		7F83CBCC275C99A300A761E3 /* AnimationManager.swift in Sources */ = {isa = PBXBuildFile; fileRef = 7F83CBCB275C99A300A761E3 /* AnimationManager.swift */; };
/* End PBXBuildFile section */

/* Begin PBXFileReference section */
		7F0126E0275D982000544E7F /* ScoreDisplay.swift */ = {isa = PBXFileReference; lastKnownFileType = sourcecode.swift; path = ScoreDisplay.swift; sourceTree = "<group>"; };
		7F0AA1972758EC9500F87162 /* ScoreViewModel.swift */ = {isa = PBXFileReference; lastKnownFileType = sourcecode.swift; path = ScoreViewModel.swift; sourceTree = "<group>"; };
		7F0AA1992758ECA200F87162 /* PlayViewModel.swift */ = {isa = PBXFileReference; lastKnownFileType = sourcecode.swift; path = PlayViewModel.swift; sourceTree = "<group>"; };
		7F0AA19B2758ECEE00F87162 /* TitleView.swift */ = {isa = PBXFileReference; lastKnownFileType = sourcecode.swift; path = TitleView.swift; sourceTree = "<group>"; };
		7F0AA19D2758EE2500F87162 /* PlayView.swift */ = {isa = PBXFileReference; lastKnownFileType = sourcecode.swift; path = PlayView.swift; sourceTree = "<group>"; };
		7F0AA19F2758EE3400F87162 /* ScoreView.swift */ = {isa = PBXFileReference; lastKnownFileType = sourcecode.swift; path = ScoreView.swift; sourceTree = "<group>"; };
		7F0AA1A22758F0EE00F87162 /* BlockColorManager.swift */ = {isa = PBXFileReference; lastKnownFileType = sourcecode.swift; path = BlockColorManager.swift; sourceTree = "<group>"; };
		7F18409B2759B24A00E1BCE9 /* ClearView.swift */ = {isa = PBXFileReference; lastKnownFileType = sourcecode.swift; path = ClearView.swift; sourceTree = "<group>"; };
		7F18409D2759B30E00E1BCE9 /* GameOverView.swift */ = {isa = PBXFileReference; lastKnownFileType = sourcecode.swift; path = GameOverView.swift; sourceTree = "<group>"; };
		7F1840A02759D3E900E1BCE9 /* FrameView.swift */ = {isa = PBXFileReference; lastKnownFileType = sourcecode.swift; path = FrameView.swift; sourceTree = "<group>"; };
		7F1840A22759D40200E1BCE9 /* BlockView.swift */ = {isa = PBXFileReference; lastKnownFileType = sourcecode.swift; path = BlockView.swift; sourceTree = "<group>"; };
		7F6C38AD27545AFD00FC7B4A /* App2048Combine33.app */ = {isa = PBXFileReference; explicitFileType = wrapper.application; includeInIndex = 0; path = App2048Combine33.app; sourceTree = BUILT_PRODUCTS_DIR; };
		7F6C38B027545AFD00FC7B4A /* App2048CombineApp.swift */ = {isa = PBXFileReference; lastKnownFileType = sourcecode.swift; path = App2048CombineApp.swift; sourceTree = "<group>"; };
		7F6C38B227545AFD00FC7B4A /* ContentView.swift */ = {isa = PBXFileReference; lastKnownFileType = sourcecode.swift; path = ContentView.swift; sourceTree = "<group>"; };
		7F6C38B427545B0100FC7B4A /* Assets.xcassets */ = {isa = PBXFileReference; lastKnownFileType = folder.assetcatalog; path = Assets.xcassets; sourceTree = "<group>"; };
		7F6C38B727545B0100FC7B4A /* Preview Assets.xcassets */ = {isa = PBXFileReference; lastKnownFileType = folder.assetcatalog; path = "Preview Assets.xcassets"; sourceTree = "<group>"; };
		7F77F127275A33C400773C45 /* PlayViewBar.swift */ = {isa = PBXFileReference; lastKnownFileType = sourcecode.swift; path = PlayViewBar.swift; sourceTree = "<group>"; };
		7F77F12A275A35F600773C45 /* ButtonView.swift */ = {isa = PBXFileReference; lastKnownFileType = sourcecode.swift; path = ButtonView.swift; sourceTree = "<group>"; };
		7F77F12C275B46FD00773C45 /* BarButtonView.swift */ = {isa = PBXFileReference; lastKnownFileType = sourcecode.swift; path = BarButtonView.swift; sourceTree = "<group>"; };
		7F83CBCB275C99A300A761E3 /* AnimationManager.swift */ = {isa = PBXFileReference; lastKnownFileType = sourcecode.swift; path = AnimationManager.swift; sourceTree = "<group>"; };
/* End PBXFileReference section */

/* Begin PBXFrameworksBuildPhase section */
		7F6C38AA27545AFD00FC7B4A /* Frameworks */ = {
			isa = PBXFrameworksBuildPhase;
			buildActionMask = 2147483647;
			files = (
			);
			runOnlyForDeploymentPostprocessing = 0;
		};
/* End PBXFrameworksBuildPhase section */

/* Begin PBXGroup section */
		7F0AA1942758EC7100F87162 /* Play */ = {
			isa = PBXGroup;
			children = (
				7F18409F2759B3C700E1BCE9 /* Frame */,
				7F0AA19D2758EE2500F87162 /* PlayView.swift */,
				7F18409B2759B24A00E1BCE9 /* ClearView.swift */,
				7F18409D2759B30E00E1BCE9 /* GameOverView.swift */,
				7F77F127275A33C400773C45 /* PlayViewBar.swift */,
			);
			path = Play;
			sourceTree = "<group>";
		};
		7F0AA1952758EC7B00F87162 /* Title */ = {
			isa = PBXGroup;
			children = (
				7F0AA19B2758ECEE00F87162 /* TitleView.swift */,
			);
			path = Title;
			sourceTree = "<group>";
		};
		7F0AA1962758EC8100F87162 /* Score */ = {
			isa = PBXGroup;
			children = (
				7F0AA19F2758EE3400F87162 /* ScoreView.swift */,
			);
			path = Score;
			sourceTree = "<group>";
		};
		7F0AA1A12758F0C900F87162 /* Model */ = {
			isa = PBXGroup;
			children = (
				7F0AA1A22758F0EE00F87162 /* BlockColorManager.swift */,
				7F83CBCB275C99A300A761E3 /* AnimationManager.swift */,
			);
			path = Model;
			sourceTree = "<group>";
		};
		7F18409F2759B3C700E1BCE9 /* Frame */ = {
			isa = PBXGroup;
			children = (
				7F1840A02759D3E900E1BCE9 /* FrameView.swift */,
				7F1840A22759D40200E1BCE9 /* BlockView.swift */,
			);
			path = Frame;
			sourceTree = "<group>";
		};
		7F6C38A427545AFD00FC7B4A = {
			isa = PBXGroup;
			children = (
				7F6C38AF27545AFD00FC7B4A /* App2048Combine33 */,
				7F6C38AE27545AFD00FC7B4A /* Products */,
			);
			sourceTree = "<group>";
		};
		7F6C38AE27545AFD00FC7B4A /* Products */ = {
			isa = PBXGroup;
			children = (
				7F6C38AD27545AFD00FC7B4A /* App2048Combine33.app */,
			);
			name = Products;
			sourceTree = "<group>";
		};
		7F6C38AF27545AFD00FC7B4A /* App2048Combine33 */ = {
			isa = PBXGroup;
			children = (
				7F6C38B027545AFD00FC7B4A /* App2048CombineApp.swift */,
				7F6C38B227545AFD00FC7B4A /* ContentView.swift */,
				7F0AA1A12758F0C900F87162 /* Model */,
				7F6C38BE27545B2D00FC7B4A /* View */,
				7F6C38BF27545B3900FC7B4A /* ViewModel */,
				7F6C38B427545B0100FC7B4A /* Assets.xcassets */,
				7F6C38B627545B0100FC7B4A /* Preview Content */,
			);
			path = App2048Combine33;
			sourceTree = "<group>";
		};
		7F6C38B627545B0100FC7B4A /* Preview Content */ = {
			isa = PBXGroup;
			children = (
				7F6C38B727545B0100FC7B4A /* Preview Assets.xcassets */,
			);
			path = "Preview Content";
			sourceTree = "<group>";
		};
		7F6C38BE27545B2D00FC7B4A /* View */ = {
			isa = PBXGroup;
			children = (
				7F77F129275A35DE00773C45 /* Common */,
				7F0AA1952758EC7B00F87162 /* Title */,
				7F0AA1942758EC7100F87162 /* Play */,
				7F0AA1962758EC8100F87162 /* Score */,
			);
			path = View;
			sourceTree = "<group>";
		};
		7F6C38BF27545B3900FC7B4A /* ViewModel */ = {
			isa = PBXGroup;
			children = (
				7F6C38C627545BC200FC7B4A /* Play */,
				7F6C38C527545BAE00FC7B4A /* Score */,
			);
			path = ViewModel;
			sourceTree = "<group>";
		};
		7F6C38C527545BAE00FC7B4A /* Score */ = {
			isa = PBXGroup;
			children = (
				7F0AA1972758EC9500F87162 /* ScoreViewModel.swift */,
			);
			path = Score;
			sourceTree = "<group>";
		};
		7F6C38C627545BC200FC7B4A /* Play */ = {
			isa = PBXGroup;
			children = (
				7F0AA1992758ECA200F87162 /* PlayViewModel.swift */,
			);
			path = Play;
			sourceTree = "<group>";
		};
		7F77F129275A35DE00773C45 /* Common */ = {
			isa = PBXGroup;
			children = (
				7F77F12A275A35F600773C45 /* ButtonView.swift */,
				7F77F12C275B46FD00773C45 /* BarButtonView.swift */,
				7F0126E0275D982000544E7F /* ScoreDisplay.swift */,
			);
			path = Common;
			sourceTree = "<group>";
		};
/* End PBXGroup section */

/* Begin PBXNativeTarget section */
		7F6C38AC27545AFD00FC7B4A /* App2048Combine33 */ = {
			isa = PBXNativeTarget;
			buildConfigurationList = 7F6C38BB27545B0100FC7B4A /* Build configuration list for PBXNativeTarget "App2048Combine33" */;
			buildPhases = (
				7F6C38A927545AFD00FC7B4A /* Sources */,
				7F6C38AA27545AFD00FC7B4A /* Frameworks */,
				7F6C38AB27545AFD00FC7B4A /* Resources */,
			);
			buildRules = (
			);
			dependencies = (
			);
			name = App2048Combine33;
			productName = 2048;
			productReference = 7F6C38AD27545AFD00FC7B4A /* App2048Combine33.app */;
			productType = "com.apple.product-type.application";
		};
/* End PBXNativeTarget section */

/* Begin PBXProject section */
		7F6C38A527545AFD00FC7B4A /* Project object */ = {
			isa = PBXProject;
			attributes = {
				BuildIndependentTargetsInParallel = 1;
				LastSwiftUpdateCheck = 1310;
				LastUpgradeCheck = 1310;
				TargetAttributes = {
					7F6C38AC27545AFD00FC7B4A = {
						CreatedOnToolsVersion = 13.1;
					};
				};
			};
			buildConfigurationList = 7F6C38A827545AFD00FC7B4A /* Build configuration list for PBXProject "App2048Combine33" */;
			compatibilityVersion = "Xcode 13.0";
			developmentRegion = en;
			hasScannedForEncodings = 0;
			knownRegions = (
				en,
				Base,
			);
			mainGroup = 7F6C38A427545AFD00FC7B4A;
			productRefGroup = 7F6C38AE27545AFD00FC7B4A /* Products */;
			projectDirPath = "";
			projectRoot = "";
			targets = (
				7F6C38AC27545AFD00FC7B4A /* App2048Combine33 */,
			);
		};
/* End PBXProject section */

/* Begin PBXResourcesBuildPhase section */
		7F6C38AB27545AFD00FC7B4A /* Resources */ = {
			isa = PBXResourcesBuildPhase;
			buildActionMask = 2147483647;
			files = (
				7F6C38B827545B0100FC7B4A /* Preview Assets.xcassets in Resources */,
				7F6C38B527545B0100FC7B4A /* Assets.xcassets in Resources */,
			);
			runOnlyForDeploymentPostprocessing = 0;
		};
/* End PBXResourcesBuildPhase section */

/* Begin PBXSourcesBuildPhase section */
		7F6C38A927545AFD00FC7B4A /* Sources */ = {
			isa = PBXSourcesBuildPhase;
			buildActionMask = 2147483647;
			files = (
				7F18409E2759B30E00E1BCE9 /* GameOverView.swift in Sources */,
				7F0AA19A2758ECA200F87162 /* PlayViewModel.swift in Sources */,
				7F6C38B327545AFD00FC7B4A /* ContentView.swift in Sources */,
				7F0AA1A02758EE3400F87162 /* ScoreView.swift in Sources */,
				7F1840A32759D40200E1BCE9 /* BlockView.swift in Sources */,
				7F0AA19E2758EE2500F87162 /* PlayView.swift in Sources */,
				7F77F12B275A35F600773C45 /* ButtonView.swift in Sources */,
				7F0AA1982758EC9500F87162 /* ScoreViewModel.swift in Sources */,
				7F0AA19C2758ECEE00F87162 /* TitleView.swift in Sources */,
				7F77F12D275B46FD00773C45 /* BarButtonView.swift in Sources */,
				7F18409C2759B24A00E1BCE9 /* ClearView.swift in Sources */,
				7F1840A12759D3E900E1BCE9 /* FrameView.swift in Sources */,
				7F6C38B127545AFD00FC7B4A /* App2048CombineApp.swift in Sources */,
				7F77F128275A33C400773C45 /* PlayViewBar.swift in Sources */,
				7F83CBCC275C99A300A761E3 /* AnimationManager.swift in Sources */,
				7F0AA1A32758F0EE00F87162 /* BlockColorManager.swift in Sources */,
				7F0126E1275D982000544E7F /* ScoreDisplay.swift in Sources */,
			);
			runOnlyForDeploymentPostprocessing = 0;
		};
/* End PBXSourcesBuildPhase section */

/* Begin XCBuildConfiguration section */
		7F6C38B927545B0100FC7B4A /* Debug */ = {
			isa = XCBuildConfiguration;
			buildSettings = {
				ALWAYS_SEARCH_USER_PATHS = NO;
				CLANG_ANALYZER_NONNULL = YES;
				CLANG_ANALYZER_NUMBER_OBJECT_CONVERSION = YES_AGGRESSIVE;
				CLANG_CXX_LANGUAGE_STANDARD = "gnu++17";
				CLANG_CXX_LIBRARY = "libc++";
				CLANG_ENABLE_MODULES = YES;
				CLANG_ENABLE_OBJC_ARC = YES;
				CLANG_ENABLE_OBJC_WEAK = YES;
				CLANG_WARN_BLOCK_CAPTURE_AUTORELEASING = YES;
				CLANG_WARN_BOOL_CONVERSION = YES;
				CLANG_WARN_COMMA = YES;
				CLANG_WARN_CONSTANT_CONVERSION = YES;
				CLANG_WARN_DEPRECATED_OBJC_IMPLEMENTATIONS = YES;
				CLANG_WARN_DIRECT_OBJC_ISA_USAGE = YES_ERROR;
				CLANG_WARN_DOCUMENTATION_COMMENTS = YES;
				CLANG_WARN_EMPTY_BODY = YES;
				CLANG_WARN_ENUM_CONVERSION = YES;
				CLANG_WARN_INFINITE_RECURSION = YES;
				CLANG_WARN_INT_CONVERSION = YES;
				CLANG_WARN_NON_LITERAL_NULL_CONVERSION = YES;
				CLANG_WARN_OBJC_IMPLICIT_RETAIN_SELF = YES;
				CLANG_WARN_OBJC_LITERAL_CONVERSION = YES;
				CLANG_WARN_OBJC_ROOT_CLASS = YES_ERROR;
				CLANG_WARN_QUOTED_INCLUDE_IN_FRAMEWORK_HEADER = YES;
				CLANG_WARN_RANGE_LOOP_ANALYSIS = YES;
				CLANG_WARN_STRICT_PROTOTYPES = YES;
				CLANG_WARN_SUSPICIOUS_MOVE = YES;
				CLANG_WARN_UNGUARDED_AVAILABILITY = YES_AGGRESSIVE;
				CLANG_WARN_UNREACHABLE_CODE = YES;
				CLANG_WARN__DUPLICATE_METHOD_MATCH = YES;
				COPY_PHASE_STRIP = NO;
				DEBUG_INFORMATION_FORMAT = dwarf;
				ENABLE_STRICT_OBJC_MSGSEND = YES;
				ENABLE_TESTABILITY = YES;
				GCC_C_LANGUAGE_STANDARD = gnu11;
				GCC_DYNAMIC_NO_PIC = NO;
				GCC_NO_COMMON_BLOCKS = YES;
				GCC_OPTIMIZATION_LEVEL = 0;
				GCC_PREPROCESSOR_DEFINITIONS = (
					"DEBUG=1",
					"$(inherited)",
				);
				GCC_WARN_64_TO_32_BIT_CONVERSION = YES;
				GCC_WARN_ABOUT_RETURN_TYPE = YES_ERROR;
				GCC_WARN_UNDECLARED_SELECTOR = YES;
				GCC_WARN_UNINITIALIZED_AUTOS = YES_AGGRESSIVE;
				GCC_WARN_UNUSED_FUNCTION = YES;
				GCC_WARN_UNUSED_VARIABLE = YES;
				IPHONEOS_DEPLOYMENT_TARGET = 15.0;
				MTL_ENABLE_DEBUG_INFO = INCLUDE_SOURCE;
				MTL_FAST_MATH = YES;
				ONLY_ACTIVE_ARCH = YES;
				SDKROOT = iphoneos;
				SWIFT_ACTIVE_COMPILATION_CONDITIONS = DEBUG;
				SWIFT_OPTIMIZATION_LEVEL = "-Onone";
			};
			name = Debug;
		};
		7F6C38BA27545B0100FC7B4A /* Release */ = {
			isa = XCBuildConfiguration;
			buildSettings = {
				ALWAYS_SEARCH_USER_PATHS = NO;
				CLANG_ANALYZER_NONNULL = YES;
				CLANG_ANALYZER_NUMBER_OBJECT_CONVERSION = YES_AGGRESSIVE;
				CLANG_CXX_LANGUAGE_STANDARD = "gnu++17";
				CLANG_CXX_LIBRARY = "libc++";
				CLANG_ENABLE_MODULES = YES;
				CLANG_ENABLE_OBJC_ARC = YES;
				CLANG_ENABLE_OBJC_WEAK = YES;
				CLANG_WARN_BLOCK_CAPTURE_AUTORELEASING = YES;
				CLANG_WARN_BOOL_CONVERSION = YES;
				CLANG_WARN_COMMA = YES;
				CLANG_WARN_CONSTANT_CONVERSION = YES;
				CLANG_WARN_DEPRECATED_OBJC_IMPLEMENTATIONS = YES;
				CLANG_WARN_DIRECT_OBJC_ISA_USAGE = YES_ERROR;
				CLANG_WARN_DOCUMENTATION_COMMENTS = YES;
				CLANG_WARN_EMPTY_BODY = YES;
				CLANG_WARN_ENUM_CONVERSION = YES;
				CLANG_WARN_INFINITE_RECURSION = YES;
				CLANG_WARN_INT_CONVERSION = YES;
				CLANG_WARN_NON_LITERAL_NULL_CONVERSION = YES;
				CLANG_WARN_OBJC_IMPLICIT_RETAIN_SELF = YES;
				CLANG_WARN_OBJC_LITERAL_CONVERSION = YES;
				CLANG_WARN_OBJC_ROOT_CLASS = YES_ERROR;
				CLANG_WARN_QUOTED_INCLUDE_IN_FRAMEWORK_HEADER = YES;
				CLANG_WARN_RANGE_LOOP_ANALYSIS = YES;
				CLANG_WARN_STRICT_PROTOTYPES = YES;
				CLANG_WARN_SUSPICIOUS_MOVE = YES;
				CLANG_WARN_UNGUARDED_AVAILABILITY = YES_AGGRESSIVE;
				CLANG_WARN_UNREACHABLE_CODE = YES;
				CLANG_WARN__DUPLICATE_METHOD_MATCH = YES;
				COPY_PHASE_STRIP = NO;
				DEBUG_INFORMATION_FORMAT = "dwarf-with-dsym";
				ENABLE_NS_ASSERTIONS = NO;
				ENABLE_STRICT_OBJC_MSGSEND = YES;
				GCC_C_LANGUAGE_STANDARD = gnu11;
				GCC_NO_COMMON_BLOCKS = YES;
				GCC_WARN_64_TO_32_BIT_CONVERSION = YES;
				GCC_WARN_ABOUT_RETURN_TYPE = YES_ERROR;
				GCC_WARN_UNDECLARED_SELECTOR = YES;
				GCC_WARN_UNINITIALIZED_AUTOS = YES_AGGRESSIVE;
				GCC_WARN_UNUSED_FUNCTION = YES;
				GCC_WARN_UNUSED_VARIABLE = YES;
				IPHONEOS_DEPLOYMENT_TARGET = 15.0;
				MTL_ENABLE_DEBUG_INFO = NO;
				MTL_FAST_MATH = YES;
				SDKROOT = iphoneos;
				SWIFT_COMPILATION_MODE = wholemodule;
				SWIFT_OPTIMIZATION_LEVEL = "-O";
				VALIDATE_PRODUCT = YES;
			};
			name = Release;
		};
		7F6C38BC27545B0100FC7B4A /* Debug */ = {
			isa = XCBuildConfiguration;
			buildSettings = {
				ASSETCATALOG_COMPILER_APPICON_NAME = AppIcon;
				ASSETCATALOG_COMPILER_GLOBAL_ACCENT_COLOR_NAME = AccentColor;
				CODE_SIGN_STYLE = Automatic;
				CURRENT_PROJECT_VERSION = 1;
				DEVELOPMENT_ASSET_PATHS = "\"App2048Combine33/Preview Content\"";
				DEVELOPMENT_TEAM = UK3QAQ2MSD;
				ENABLE_PREVIEWS = YES;
				GENERATE_INFOPLIST_FILE = YES;
				INFOPLIST_KEY_UIApplicationSceneManifest_Generation = YES;
				INFOPLIST_KEY_UIApplicationSupportsIndirectInputEvents = YES;
				INFOPLIST_KEY_UILaunchScreen_Generation = YES;
				INFOPLIST_KEY_UISupportedInterfaceOrientations_iPad = "UIInterfaceOrientationPortrait UIInterfaceOrientationPortraitUpsideDown UIInterfaceOrientationLandscapeLeft UIInterfaceOrientationLandscapeRight";
				INFOPLIST_KEY_UISupportedInterfaceOrientations_iPhone = "UIInterfaceOrientationPortrait UIInterfaceOrientationLandscapeLeft UIInterfaceOrientationLandscapeRight";
				LD_RUNPATH_SEARCH_PATHS = (
					"$(inherited)",
					"@executable_path/Frameworks",
				);
				MARKETING_VERSION = 1.0;
				PRODUCT_BUNDLE_IDENTIFIER = "jp.ac.jec.cm.-048";
				PRODUCT_NAME = "$(TARGET_NAME)";
				SWIFT_EMIT_LOC_STRINGS = YES;
				SWIFT_VERSION = 5.0;
				TARGETED_DEVICE_FAMILY = "1,2";
			};
			name = Debug;
		};
		7F6C38BD27545B0100FC7B4A /* Release */ = {
			isa = XCBuildConfiguration;
			buildSettings = {
				ASSETCATALOG_COMPILER_APPICON_NAME = AppIcon;
				ASSETCATALOG_COMPILER_GLOBAL_ACCENT_COLOR_NAME = AccentColor;
				CODE_SIGN_STYLE = Automatic;
				CURRENT_PROJECT_VERSION = 1;
				DEVELOPMENT_ASSET_PATHS = "\"App2048Combine33/Preview Content\"";
				DEVELOPMENT_TEAM = UK3QAQ2MSD;
				ENABLE_PREVIEWS = YES;
				GENERATE_INFOPLIST_FILE = YES;
				INFOPLIST_KEY_UIApplicationSceneManifest_Generation = YES;
				INFOPLIST_KEY_UIApplicationSupportsIndirectInputEvents = YES;
				INFOPLIST_KEY_UILaunchScreen_Generation = YES;
				INFOPLIST_KEY_UISupportedInterfaceOrientations_iPad = "UIInterfaceOrientationPortrait UIInterfaceOrientationPortraitUpsideDown UIInterfaceOrientationLandscapeLeft UIInterfaceOrientationLandscapeRight";
				INFOPLIST_KEY_UISupportedInterfaceOrientations_iPhone = "UIInterfaceOrientationPortrait UIInterfaceOrientationLandscapeLeft UIInterfaceOrientationLandscapeRight";
				LD_RUNPATH_SEARCH_PATHS = (
					"$(inherited)",
					"@executable_path/Frameworks",
				);
				MARKETING_VERSION = 1.0;
				PRODUCT_BUNDLE_IDENTIFIER = "jp.ac.jec.cm.-048";
				PRODUCT_NAME = "$(TARGET_NAME)";
				SWIFT_EMIT_LOC_STRINGS = YES;
				SWIFT_VERSION = 5.0;
				TARGETED_DEVICE_FAMILY = "1,2";
			};
			name = Release;
		};
/* End XCBuildConfiguration section */

/* Begin XCConfigurationList section */
		7F6C38A827545AFD00FC7B4A /* Build configuration list for PBXProject "App2048Combine33" */ = {
			isa = XCConfigurationList;
			buildConfigurations = (
				7F6C38B927545B0100FC7B4A /* Debug */,
				7F6C38BA27545B0100FC7B4A /* Release */,
			);
			defaultConfigurationIsVisible = 0;
			defaultConfigurationName = Release;
		};
		7F6C38BB27545B0100FC7B4A /* Build configuration list for PBXNativeTarget "App2048Combine33" */ = {
			isa = XCConfigurationList;
			buildConfigurations = (
				7F6C38BC27545B0100FC7B4A /* Debug */,
				7F6C38BD27545B0100FC7B4A /* Release */,
			);
			defaultConfigurationIsVisible = 0;
			defaultConfigurationName = Release;
		};
/* End XCConfigurationList section */
	};
	rootObject = 7F6C38A527545AFD00FC7B4A /* Project object */;
}
